
Microsoft Visual Studio Solution File, Format Version 12.00
# Visual Studio Version 17
VisualStudioVersion = 17.8.34309.116
MinimumVisualStudioVersion = 10.0.40219.1
Project("{FAE04EC0-301F-11D3-BF4B-00C04F79EFBC}") = "SonarCloudSimulation", "SonarCloudSimulation\SonarCloudSimulation.csproj", "{7E1825CC-4A45-4336-AA8D-0165F3BB29C0}"
EndProject
Global
	GlobalSection(SolutionConfigurationPlatforms) = preSolution
		Debug|Any CPU = Debug|Any CPU
		Release|Any CPU = Release|Any CPU
	EndGlobalSection
	GlobalSection(ProjectConfigurationPlatforms) = postSolution
		{7E1825CC-4A45-4336-AA8D-0165F3BB29C0}.Debug|Any CPU.ActiveCfg = Debug|Any CPU
		{7E1825CC-4A45-4336-AA8D-0165F3BB29C0}.Debug|Any CPU.Build.0 = Debug|Any CPU
		{7E1825CC-4A45-4336-AA8D-0165F3BB29C0}.Release|Any CPU.ActiveCfg = Release|Any CPU
		{7E1825CC-4A45-4336-AA8D-0165F3BB29C0}.Release|Any CPU.Build.0 = Release|Any CPU
	EndGlobalSection
	GlobalSection(SolutionProperties) = preSolution
		HideSolutionNode = FALSE
	EndGlobalSection
	GlobalSection(ExtensibilityGlobals) = postSolution
		SolutionGuid = {67427534-7B25-4862-AB08-400E7261390F}
	EndGlobalSection
EndGlobal
